
Microsoft Visual Studio Solution File, Format Version 12.00
# Visual Studio Version 17
VisualStudioVersion = 17.8.34316.72
MinimumVisualStudioVersion = 10.0.40219.1
Project("{9A19103F-16F7-4668-BE54-9A1E7A4F7556}") = "bookStore", "bookStore.csproj", "{367957AD-81FA-4001-BB59-D501ED3023FA}"
EndProject
Project("{9A19103F-16F7-4668-BE54-9A1E7A4F7556}") = "BookStore.BL", "..\Book.BL\BookStore.BL.csproj", "{670982A5-71BD-45BB-8901-05A4B4F61546}"
EndProject
Project("{9A19103F-16F7-4668-BE54-9A1E7A4F7556}") = "BookStore.DL", "..\Book.DL\BookStore.DL.csproj", "{A72AA546-FC63-4592-9EB0-44CD9A86BADE}"
EndProject
Project("{9A19103F-16F7-4668-BE54-9A1E7A4F7556}") = "BookStore.Models", "..\Book.Models\BookStore.Models.csproj", "{C5C00294-98C9-4E50-BA9B-963884EDC2A5}"
EndProject
Global
	GlobalSection(SolutionConfigurationPlatforms) = preSolution
		Debug|Any CPU = Debug|Any CPU
		Release|Any CPU = Release|Any CPU
	EndGlobalSection
	GlobalSection(ProjectConfigurationPlatforms) = postSolution
		{367957AD-81FA-4001-BB59-D501ED3023FA}.Debug|Any CPU.ActiveCfg = Debug|Any CPU
		{367957AD-81FA-4001-BB59-D501ED3023FA}.Debug|Any CPU.Build.0 = Debug|Any CPU
		{367957AD-81FA-4001-BB59-D501ED3023FA}.Release|Any CPU.ActiveCfg = Release|Any CPU
		{367957AD-81FA-4001-BB59-D501ED3023FA}.Release|Any CPU.Build.0 = Release|Any CPU
		{670982A5-71BD-45BB-8901-05A4B4F61546}.Debug|Any CPU.ActiveCfg = Debug|Any CPU
		{670982A5-71BD-45BB-8901-05A4B4F61546}.Debug|Any CPU.Build.0 = Debug|Any CPU
		{670982A5-71BD-45BB-8901-05A4B4F61546}.Release|Any CPU.ActiveCfg = Release|Any CPU
		{670982A5-71BD-45BB-8901-05A4B4F61546}.Release|Any CPU.Build.0 = Release|Any CPU
		{A72AA546-FC63-4592-9EB0-44CD9A86BADE}.Debug|Any CPU.ActiveCfg = Debug|Any CPU
		{A72AA546-FC63-4592-9EB0-44CD9A86BADE}.Debug|Any CPU.Build.0 = Debug|Any CPU
		{A72AA546-FC63-4592-9EB0-44CD9A86BADE}.Release|Any CPU.ActiveCfg = Release|Any CPU
		{A72AA546-FC63-4592-9EB0-44CD9A86BADE}.Release|Any CPU.Build.0 = Release|Any CPU
		{C5C00294-98C9-4E50-BA9B-963884EDC2A5}.Debug|Any CPU.ActiveCfg = Debug|Any CPU
		{C5C00294-98C9-4E50-BA9B-963884EDC2A5}.Debug|Any CPU.Build.0 = Debug|Any CPU
		{C5C00294-98C9-4E50-BA9B-963884EDC2A5}.Release|Any CPU.ActiveCfg = Release|Any CPU
		{C5C00294-98C9-4E50-BA9B-963884EDC2A5}.Release|Any CPU.Build.0 = Release|Any CPU
	EndGlobalSection
	GlobalSection(SolutionProperties) = preSolution
		HideSolutionNode = FALSE
	EndGlobalSection
	GlobalSection(ExtensibilityGlobals) = postSolution
		SolutionGuid = {CD13FA87-A64D-42AF-91C0-3E9933EBE603}
	EndGlobalSection
EndGlobal
