
Microsoft Visual Studio Solution File, Format Version 12.00
# Visual Studio Version 17
VisualStudioVersion = 17.8.34316.72
MinimumVisualStudioVersion = 10.0.40219.1
Project("{FAE04EC0-301F-11D3-BF4B-00C04F79EFBC}") = "bookStore", "bookStore.csproj", "{367957AD-81FA-4001-BB59-D501ED3023FA}"
EndProject
Global
	GlobalSection(SolutionConfigurationPlatforms) = preSolution
		Debug|Any CPU = Debug|Any CPU
		Release|Any CPU = Release|Any CPU
	EndGlobalSection
	GlobalSection(ProjectConfigurationPlatforms) = postSolution
		{367957AD-81FA-4001-BB59-D501ED3023FA}.Debug|Any CPU.ActiveCfg = Debug|Any CPU
		{367957AD-81FA-4001-BB59-D501ED3023FA}.Debug|Any CPU.Build.0 = Debug|Any CPU
		{367957AD-81FA-4001-BB59-D501ED3023FA}.Release|Any CPU.ActiveCfg = Release|Any CPU
		{367957AD-81FA-4001-BB59-D501ED3023FA}.Release|Any CPU.Build.0 = Release|Any CPU
	EndGlobalSection
	GlobalSection(SolutionProperties) = preSolution
		HideSolutionNode = FALSE
	EndGlobalSection
	GlobalSection(ExtensibilityGlobals) = postSolution
		SolutionGuid = {CD13FA87-A64D-42AF-91C0-3E9933EBE603}
	EndGlobalSection
EndGlobal
